
Microsoft Visual Studio Solution File, Format Version 11.00
# Visual C++ Express 2010
Project("{8BC9CEB8-8B4A-11D0-8D11-00A0C91BC942}") = "CL_K03_4", "CL_K03_4\CL_K03_4.vcxproj", "{F9399C99-64A2-4CCE-90EC-28415A4E2CD3}"
EndProject
Global
	GlobalSection(SolutionConfigurationPlatforms) = preSolution
		Debug|Win32 = Debug|Win32
		Release|Win32 = Release|Win32
	EndGlobalSection
	GlobalSection(ProjectConfigurationPlatforms) = postSolution
		{F9399C99-64A2-4CCE-90EC-28415A4E2CD3}.Debug|Win32.ActiveCfg = Debug|Win32
		{F9399C99-64A2-4CCE-90EC-28415A4E2CD3}.Debug|Win32.Build.0 = Debug|Win32
		{F9399C99-64A2-4CCE-90EC-28415A4E2CD3}.Release|Win32.ActiveCfg = Release|Win32
		{F9399C99-64A2-4CCE-90EC-28415A4E2CD3}.Release|Win32.Build.0 = Release|Win32
	EndGlobalSection
	GlobalSection(SolutionProperties) = preSolution
		HideSolutionNode = FALSE
	EndGlobalSection
EndGlobal
