
Microsoft Visual Studio Solution File, Format Version 11.00
# Visual C++ Express 2010
Project("{8BC9CEB8-8B4A-11D0-8D11-00A0C91BC942}") = "CL_R29", "CL_R29\CL_R29.vcxproj", "{5E910E1E-3926-4C5D-9A0C-230C2BA3B28B}"
EndProject
Global
	GlobalSection(SolutionConfigurationPlatforms) = preSolution
		Debug|Win32 = Debug|Win32
		Release|Win32 = Release|Win32
	EndGlobalSection
	GlobalSection(ProjectConfigurationPlatforms) = postSolution
		{5E910E1E-3926-4C5D-9A0C-230C2BA3B28B}.Debug|Win32.ActiveCfg = Debug|Win32
		{5E910E1E-3926-4C5D-9A0C-230C2BA3B28B}.Debug|Win32.Build.0 = Debug|Win32
		{5E910E1E-3926-4C5D-9A0C-230C2BA3B28B}.Release|Win32.ActiveCfg = Release|Win32
		{5E910E1E-3926-4C5D-9A0C-230C2BA3B28B}.Release|Win32.Build.0 = Release|Win32
	EndGlobalSection
	GlobalSection(SolutionProperties) = preSolution
		HideSolutionNode = FALSE
	EndGlobalSection
EndGlobal
