
Microsoft Visual Studio Solution File, Format Version 11.00
# Visual C++ Express 2010
Project("{8BC9CEB8-8B4A-11D0-8D11-00A0C91BC942}") = "CL_R67", "CL_R67\CL_R67.vcxproj", "{C9C86B43-CA90-48D4-B680-0C236D0912BA}"
EndProject
Global
	GlobalSection(SolutionConfigurationPlatforms) = preSolution
		Debug|Win32 = Debug|Win32
		Release|Win32 = Release|Win32
	EndGlobalSection
	GlobalSection(ProjectConfigurationPlatforms) = postSolution
		{C9C86B43-CA90-48D4-B680-0C236D0912BA}.Debug|Win32.ActiveCfg = Debug|Win32
		{C9C86B43-CA90-48D4-B680-0C236D0912BA}.Debug|Win32.Build.0 = Debug|Win32
		{C9C86B43-CA90-48D4-B680-0C236D0912BA}.Release|Win32.ActiveCfg = Release|Win32
		{C9C86B43-CA90-48D4-B680-0C236D0912BA}.Release|Win32.Build.0 = Release|Win32
	EndGlobalSection
	GlobalSection(SolutionProperties) = preSolution
		HideSolutionNode = FALSE
	EndGlobalSection
EndGlobal
