
Microsoft Visual Studio Solution File, Format Version 11.00
# Visual C++ Express 2010
Project("{8BC9CEB8-8B4A-11D0-8D11-00A0C91BC942}") = "CL_K07_2", "CL_K07_2\CL_K07_2.vcxproj", "{C1B628F3-3F7C-4472-9466-757D78A50BB3}"
EndProject
Global
	GlobalSection(SolutionConfigurationPlatforms) = preSolution
		Debug|Win32 = Debug|Win32
		Release|Win32 = Release|Win32
	EndGlobalSection
	GlobalSection(ProjectConfigurationPlatforms) = postSolution
		{C1B628F3-3F7C-4472-9466-757D78A50BB3}.Debug|Win32.ActiveCfg = Debug|Win32
		{C1B628F3-3F7C-4472-9466-757D78A50BB3}.Debug|Win32.Build.0 = Debug|Win32
		{C1B628F3-3F7C-4472-9466-757D78A50BB3}.Release|Win32.ActiveCfg = Release|Win32
		{C1B628F3-3F7C-4472-9466-757D78A50BB3}.Release|Win32.Build.0 = Release|Win32
	EndGlobalSection
	GlobalSection(SolutionProperties) = preSolution
		HideSolutionNode = FALSE
	EndGlobalSection
EndGlobal
