
Microsoft Visual Studio Solution File, Format Version 11.00
# Visual C++ Express 2010
Project("{8BC9CEB8-8B4A-11D0-8D11-00A0C91BC942}") = "CL_K04_4", "CL_K04_4\CL_K04_4.vcxproj", "{DA60D705-FCF2-4027-BFC5-35CFDF721056}"
EndProject
Global
	GlobalSection(SolutionConfigurationPlatforms) = preSolution
		Debug|Win32 = Debug|Win32
		Release|Win32 = Release|Win32
	EndGlobalSection
	GlobalSection(ProjectConfigurationPlatforms) = postSolution
		{DA60D705-FCF2-4027-BFC5-35CFDF721056}.Debug|Win32.ActiveCfg = Debug|Win32
		{DA60D705-FCF2-4027-BFC5-35CFDF721056}.Debug|Win32.Build.0 = Debug|Win32
		{DA60D705-FCF2-4027-BFC5-35CFDF721056}.Release|Win32.ActiveCfg = Release|Win32
		{DA60D705-FCF2-4027-BFC5-35CFDF721056}.Release|Win32.Build.0 = Release|Win32
	EndGlobalSection
	GlobalSection(SolutionProperties) = preSolution
		HideSolutionNode = FALSE
	EndGlobalSection
EndGlobal
