
Microsoft Visual Studio Solution File, Format Version 11.00
# Visual C++ Express 2010
Project("{8BC9CEB8-8B4A-11D0-8D11-00A0C91BC942}") = "CL_K06_1", "CL_K06_1\CL_K06_1.vcxproj", "{8B2828CB-B4E1-4A5C-8298-B7460234B957}"
EndProject
Global
	GlobalSection(SolutionConfigurationPlatforms) = preSolution
		Debug|Win32 = Debug|Win32
		Release|Win32 = Release|Win32
	EndGlobalSection
	GlobalSection(ProjectConfigurationPlatforms) = postSolution
		{8B2828CB-B4E1-4A5C-8298-B7460234B957}.Debug|Win32.ActiveCfg = Debug|Win32
		{8B2828CB-B4E1-4A5C-8298-B7460234B957}.Debug|Win32.Build.0 = Debug|Win32
		{8B2828CB-B4E1-4A5C-8298-B7460234B957}.Release|Win32.ActiveCfg = Release|Win32
		{8B2828CB-B4E1-4A5C-8298-B7460234B957}.Release|Win32.Build.0 = Release|Win32
	EndGlobalSection
	GlobalSection(SolutionProperties) = preSolution
		HideSolutionNode = FALSE
	EndGlobalSection
EndGlobal
