
Microsoft Visual Studio Solution File, Format Version 11.00
# Visual C++ Express 2010
Project("{8BC9CEB8-8B4A-11D0-8D11-00A0C91BC942}") = "CL_R12", "CL_R12\CL_R12.vcxproj", "{F1A17E01-3F9F-4235-A18D-520BCFFDEBBF}"
EndProject
Global
	GlobalSection(SolutionConfigurationPlatforms) = preSolution
		Debug|Win32 = Debug|Win32
		Release|Win32 = Release|Win32
	EndGlobalSection
	GlobalSection(ProjectConfigurationPlatforms) = postSolution
		{F1A17E01-3F9F-4235-A18D-520BCFFDEBBF}.Debug|Win32.ActiveCfg = Debug|Win32
		{F1A17E01-3F9F-4235-A18D-520BCFFDEBBF}.Debug|Win32.Build.0 = Debug|Win32
		{F1A17E01-3F9F-4235-A18D-520BCFFDEBBF}.Release|Win32.ActiveCfg = Release|Win32
		{F1A17E01-3F9F-4235-A18D-520BCFFDEBBF}.Release|Win32.Build.0 = Release|Win32
	EndGlobalSection
	GlobalSection(SolutionProperties) = preSolution
		HideSolutionNode = FALSE
	EndGlobalSection
EndGlobal
